
Microsoft Visual Studio Solution File, Format Version 12.00
# Visual Studio Version 17
VisualStudioVersion = 17.12.35707.178
MinimumVisualStudioVersion = 10.0.40219.1
Project("{8BC9CEB8-8B4A-11D0-8D11-00A0C91BC942}") = "CSCN71030_Section2_Group2", "CSCN71030_Section2_Group2\CSCN71030_Section2_Group2.vcxproj", "{3C5D9CDF-95EA-4575-8A02-72C44F770A68}"
EndProject
Project("{8BC9CEB8-8B4A-11D0-8D11-00A0C91BC942}") = "UnitTests", "UnitTests\UnitTests.vcxproj", "{1A24896B-C69F-4A8A-A99E-FCD23A6B7A35}"
EndProject
Global
	GlobalSection(SolutionConfigurationPlatforms) = preSolution
		Debug|x64 = Debug|x64
		Debug|x86 = Debug|x86
		Release|x64 = Release|x64
		Release|x86 = Release|x86
	EndGlobalSection
	GlobalSection(ProjectConfigurationPlatforms) = postSolution
		{3C5D9CDF-95EA-4575-8A02-72C44F770A68}.Debug|x64.ActiveCfg = Debug|x64
		{3C5D9CDF-95EA-4575-8A02-72C44F770A68}.Debug|x64.Build.0 = Debug|x64
		{3C5D9CDF-95EA-4575-8A02-72C44F770A68}.Debug|x86.ActiveCfg = Debug|Win32
		{3C5D9CDF-95EA-4575-8A02-72C44F770A68}.Debug|x86.Build.0 = Debug|Win32
		{3C5D9CDF-95EA-4575-8A02-72C44F770A68}.Release|x64.ActiveCfg = Release|x64
		{3C5D9CDF-95EA-4575-8A02-72C44F770A68}.Release|x64.Build.0 = Release|x64
		{3C5D9CDF-95EA-4575-8A02-72C44F770A68}.Release|x86.ActiveCfg = Release|Win32
		{3C5D9CDF-95EA-4575-8A02-72C44F770A68}.Release|x86.Build.0 = Release|Win32
		{1A24896B-C69F-4A8A-A99E-FCD23A6B7A35}.Debug|x64.ActiveCfg = Debug|x64
		{1A24896B-C69F-4A8A-A99E-FCD23A6B7A35}.Debug|x64.Build.0 = Debug|x64
		{1A24896B-C69F-4A8A-A99E-FCD23A6B7A35}.Debug|x86.ActiveCfg = Debug|Win32
		{1A24896B-C69F-4A8A-A99E-FCD23A6B7A35}.Debug|x86.Build.0 = Debug|Win32
		{1A24896B-C69F-4A8A-A99E-FCD23A6B7A35}.Release|x64.ActiveCfg = Release|x64
		{1A24896B-C69F-4A8A-A99E-FCD23A6B7A35}.Release|x64.Build.0 = Release|x64
		{1A24896B-C69F-4A8A-A99E-FCD23A6B7A35}.Release|x86.ActiveCfg = Release|Win32
		{1A24896B-C69F-4A8A-A99E-FCD23A6B7A35}.Release|x86.Build.0 = Release|Win32
	EndGlobalSection
	GlobalSection(SolutionProperties) = preSolution
		HideSolutionNode = FALSE
	EndGlobalSection
EndGlobal
